
Microsoft Visual Studio Solution File, Format Version 12.00
# Visual Studio Version 16
VisualStudioVersion = 16.0.29911.84
MinimumVisualStudioVersion = 10.0.40219.1
Project("{FAE04EC0-301F-11D3-BF4B-00C04F79EFBC}") = "Lab 5", "Lab 5\Lab 5.csproj", "{F93F6184-A312-40A3-AA48-378C39302530}"
EndProject
Global
	GlobalSection(SolutionConfigurationPlatforms) = preSolution
		Debug|Any CPU = Debug|Any CPU
		Release|Any CPU = Release|Any CPU
	EndGlobalSection
	GlobalSection(ProjectConfigurationPlatforms) = postSolution
		{F93F6184-A312-40A3-AA48-378C39302530}.Debug|Any CPU.ActiveCfg = Debug|Any CPU
		{F93F6184-A312-40A3-AA48-378C39302530}.Debug|Any CPU.Build.0 = Debug|Any CPU
		{F93F6184-A312-40A3-AA48-378C39302530}.Release|Any CPU.ActiveCfg = Release|Any CPU
		{F93F6184-A312-40A3-AA48-378C39302530}.Release|Any CPU.Build.0 = Release|Any CPU
	EndGlobalSection
	GlobalSection(SolutionProperties) = preSolution
		HideSolutionNode = FALSE
	EndGlobalSection
	GlobalSection(ExtensibilityGlobals) = postSolution
		SolutionGuid = {95C88E54-3F9A-4476-9605-F1E7DC738F3D}
	EndGlobalSection
EndGlobal
